// !$*UTF8*$!
{
	archiveVersion = 1;
	classes = {};
	objectVersion = 56;
	objects = {

/* Begin PBXBuildFile section */
		1FF5271EC9364029A1A22029 /* AppStore.swift in Sources */ = {isa = PBXBuildFile; fileRef = 1F13879E38B94304BF435D7C /* AppStore.swift */; };
		2463F60FB3224511935C4584 /* Bill.swift in Sources */ = {isa = PBXBuildFile; fileRef = 36C07A04FFB44F48B4421BC6 /* Bill.swift */; };
		1828FA82126940B28B43066B /* DailyExpense.swift in Sources */ = {isa = PBXBuildFile; fileRef = E2A8927477DB4E11B3FC40F8 /* DailyExpense.swift */; };
		EB0497DCE70E4CC180887EBD /* ExpenseCategory.swift in Sources */ = {isa = PBXBuildFile; fileRef = 506636DF12AE4C25A6D41772 /* ExpenseCategory.swift */; };
		EBB4C937E3DE47599F0A7740 /* PayCycle.swift in Sources */ = {isa = PBXBuildFile; fileRef = D83E286C12CE465CBAFA7F67 /* PayCycle.swift */; };
		09EDB9808B17401F8B5A041F /* PaySchedule.swift in Sources */ = {isa = PBXBuildFile; fileRef = A0FAECE41DE4469CADCB5765 /* PaySchedule.swift */; };
		D835808761674274A02EB6FD /* SafeSpendSnapshot.swift in Sources */ = {isa = PBXBuildFile; fileRef = 3A97C8716C21452AABD71623 /* SafeSpendSnapshot.swift */; };
		F2DB3BCA117A4F079A258E5B /* PayPaceApp.swift in Sources */ = {isa = PBXBuildFile; fileRef = 44AA62EA36864844A9DFD0F5 /* PayPaceApp.swift */; };
		AABE0279A52A4437BDFE0D81 /* BudgetStore.swift in Sources */ = {isa = PBXBuildFile; fileRef = 194A91EAB0CC484A9CED5281 /* BudgetStore.swift */; };
		B9A8EA3C6CB94379AB78E717 /* DecimalParsing.swift in Sources */ = {isa = PBXBuildFile; fileRef = E4C79B6859484BEA88DF8B8E /* DecimalParsing.swift */; };
		94F9C5953E534AA9BD0B3DAC /* Formatting.swift in Sources */ = {isa = PBXBuildFile; fileRef = CD35DA2274D84E4990841DC2 /* Formatting.swift */; };
		B3E0327129C241128A02571D /* NotificationService.swift in Sources */ = {isa = PBXBuildFile; fileRef = 7C9E7CC525DB4D2B8EFDC2F0 /* NotificationService.swift */; };
		A49B5876FAC84090874665B9 /* PersistenceService.swift in Sources */ = {isa = PBXBuildFile; fileRef = FE88DA72941D4B6196C332A0 /* PersistenceService.swift */; };
		EDD094A9EE9A4CCF871560B3 /* SafeSpendCalculator+Smoke.swift in Sources */ = {isa = PBXBuildFile; fileRef = CC889CDC247C4293B588DFEC /* SafeSpendCalculator+Smoke.swift */; };
		FCD3A1978AAF48939EEC0023 /* SafeSpendCalculator.swift in Sources */ = {isa = PBXBuildFile; fileRef = 254AEDEF6D704441A888B179 /* SafeSpendCalculator.swift */; };
		7D6742949FFE4D618A91910F /* PayPaceTheme.swift in Sources */ = {isa = PBXBuildFile; fileRef = F704A985237843908725A5AC /* PayPaceTheme.swift */; };
		0E939F25EDC3491994B9B5FC /* UpcomingBillsView.swift in Sources */ = {isa = PBXBuildFile; fileRef = 47CFF9E4C67A473D9BA4D7B5 /* UpcomingBillsView.swift */; };
		D5880636503C4BEA91485B6B /* AddBillSheet.swift in Sources */ = {isa = PBXBuildFile; fileRef = 035E36A0EEBE436FB72FB75B /* AddBillSheet.swift */; };
		06F29322A062470BADA3E2EE /* SharedComponents.swift in Sources */ = {isa = PBXBuildFile; fileRef = 259800B7E3384C8CB4847990 /* SharedComponents.swift */; };
		6B14928ED0DD4760910DEB48 /* AddExpenseView.swift in Sources */ = {isa = PBXBuildFile; fileRef = D4B959F207724E3C99CD6288 /* AddExpenseView.swift */; };
		A4816C3DD8CC4FF497C06361 /* HistoryView.swift in Sources */ = {isa = PBXBuildFile; fileRef = 5E5697277B6E42E0B6DD57BF /* HistoryView.swift */; };
		425325B7D60F4303A593BC0C /* HomeView.swift in Sources */ = {isa = PBXBuildFile; fileRef = 4F0E5EBAC47940DB91F1A3DD /* HomeView.swift */; };
		65E861DF2B8C4360A6BE5F5B /* OnboardingFlowView.swift in Sources */ = {isa = PBXBuildFile; fileRef = B5F78DAF5EB74FB680CA8963 /* OnboardingFlowView.swift */; };
		8A66FC6A2708455CAD4FBECD /* WelcomeView.swift in Sources */ = {isa = PBXBuildFile; fileRef = 6E61A4CB66F342B193091FFA /* WelcomeView.swift */; };
		2C27B02FA444408BB0A63218 /* PayCycleDetailsView.swift in Sources */ = {isa = PBXBuildFile; fileRef = AD1F2DBEEB04472A9948452E /* PayCycleDetailsView.swift */; };
		F275824BF8C741768FF78FCA /* SettingsView.swift in Sources */ = {isa = PBXBuildFile; fileRef = 52AE8F7FEBF646D89AB49D3F /* SettingsView.swift */; };
		618B63C227BB42E6A6F71300 /* Assets.xcassets in Resources */ = {isa = PBXBuildFile; fileRef = 363BCC75F5BF4EB4AC420477 /* Assets.xcassets */; };
		D152CD2B365A42CB9649F7DA /* SafeSpendCalculatorTests.swift in Sources */ = {isa = PBXBuildFile; fileRef = 91CB24ECC6F2477791738136 /* SafeSpendCalculatorTests.swift */; };
/* End PBXBuildFile section */

/* Begin PBXFileReference section */
		51F4A0BD69D44BBBB2ED8B26 /* PayPace.app */ = {isa = PBXFileReference; explicitFileType = wrapper.application; includeInIndex = 0; path = PayPace.app; sourceTree = BUILT_PRODUCTS_DIR; };
		32C53DFF3AF74F88BA558503 /* PayPaceTests.xctest */ = {isa = PBXFileReference; explicitFileType = wrapper.cfbundle; includeInIndex = 0; path = PayPaceTests.xctest; sourceTree = BUILT_PRODUCTS_DIR; };
		1F13879E38B94304BF435D7C /* AppStore.swift */ = {isa = PBXFileReference; lastKnownFileType = sourcecode.swift; path = AppStore.swift; sourceTree = "<group>"; };
		36C07A04FFB44F48B4421BC6 /* Bill.swift */ = {isa = PBXFileReference; lastKnownFileType = sourcecode.swift; path = Bill.swift; sourceTree = "<group>"; };
		E2A8927477DB4E11B3FC40F8 /* DailyExpense.swift */ = {isa = PBXFileReference; lastKnownFileType = sourcecode.swift; path = DailyExpense.swift; sourceTree = "<group>"; };
		506636DF12AE4C25A6D41772 /* ExpenseCategory.swift */ = {isa = PBXFileReference; lastKnownFileType = sourcecode.swift; path = ExpenseCategory.swift; sourceTree = "<group>"; };
		D83E286C12CE465CBAFA7F67 /* PayCycle.swift */ = {isa = PBXFileReference; lastKnownFileType = sourcecode.swift; path = PayCycle.swift; sourceTree = "<group>"; };
		A0FAECE41DE4469CADCB5765 /* PaySchedule.swift */ = {isa = PBXFileReference; lastKnownFileType = sourcecode.swift; path = PaySchedule.swift; sourceTree = "<group>"; };
		3A97C8716C21452AABD71623 /* SafeSpendSnapshot.swift */ = {isa = PBXFileReference; lastKnownFileType = sourcecode.swift; path = SafeSpendSnapshot.swift; sourceTree = "<group>"; };
		44AA62EA36864844A9DFD0F5 /* PayPaceApp.swift */ = {isa = PBXFileReference; lastKnownFileType = sourcecode.swift; path = PayPaceApp.swift; sourceTree = "<group>"; };
		194A91EAB0CC484A9CED5281 /* BudgetStore.swift */ = {isa = PBXFileReference; lastKnownFileType = sourcecode.swift; path = BudgetStore.swift; sourceTree = "<group>"; };
		E4C79B6859484BEA88DF8B8E /* DecimalParsing.swift */ = {isa = PBXFileReference; lastKnownFileType = sourcecode.swift; path = DecimalParsing.swift; sourceTree = "<group>"; };
		CD35DA2274D84E4990841DC2 /* Formatting.swift */ = {isa = PBXFileReference; lastKnownFileType = sourcecode.swift; path = Formatting.swift; sourceTree = "<group>"; };
		7C9E7CC525DB4D2B8EFDC2F0 /* NotificationService.swift */ = {isa = PBXFileReference; lastKnownFileType = sourcecode.swift; path = NotificationService.swift; sourceTree = "<group>"; };
		FE88DA72941D4B6196C332A0 /* PersistenceService.swift */ = {isa = PBXFileReference; lastKnownFileType = sourcecode.swift; path = PersistenceService.swift; sourceTree = "<group>"; };
		CC889CDC247C4293B588DFEC /* SafeSpendCalculator+Smoke.swift */ = {isa = PBXFileReference; lastKnownFileType = sourcecode.swift; path = SafeSpendCalculator+Smoke.swift; sourceTree = "<group>"; };
		254AEDEF6D704441A888B179 /* SafeSpendCalculator.swift */ = {isa = PBXFileReference; lastKnownFileType = sourcecode.swift; path = SafeSpendCalculator.swift; sourceTree = "<group>"; };
		F704A985237843908725A5AC /* PayPaceTheme.swift */ = {isa = PBXFileReference; lastKnownFileType = sourcecode.swift; path = PayPaceTheme.swift; sourceTree = "<group>"; };
		47CFF9E4C67A473D9BA4D7B5 /* UpcomingBillsView.swift */ = {isa = PBXFileReference; lastKnownFileType = sourcecode.swift; path = UpcomingBillsView.swift; sourceTree = "<group>"; };
		035E36A0EEBE436FB72FB75B /* AddBillSheet.swift */ = {isa = PBXFileReference; lastKnownFileType = sourcecode.swift; path = AddBillSheet.swift; sourceTree = "<group>"; };
		259800B7E3384C8CB4847990 /* SharedComponents.swift */ = {isa = PBXFileReference; lastKnownFileType = sourcecode.swift; path = SharedComponents.swift; sourceTree = "<group>"; };
		D4B959F207724E3C99CD6288 /* AddExpenseView.swift */ = {isa = PBXFileReference; lastKnownFileType = sourcecode.swift; path = AddExpenseView.swift; sourceTree = "<group>"; };
		5E5697277B6E42E0B6DD57BF /* HistoryView.swift */ = {isa = PBXFileReference; lastKnownFileType = sourcecode.swift; path = HistoryView.swift; sourceTree = "<group>"; };
		4F0E5EBAC47940DB91F1A3DD /* HomeView.swift */ = {isa = PBXFileReference; lastKnownFileType = sourcecode.swift; path = HomeView.swift; sourceTree = "<group>"; };
		B5F78DAF5EB74FB680CA8963 /* OnboardingFlowView.swift */ = {isa = PBXFileReference; lastKnownFileType = sourcecode.swift; path = OnboardingFlowView.swift; sourceTree = "<group>"; };
		6E61A4CB66F342B193091FFA /* WelcomeView.swift */ = {isa = PBXFileReference; lastKnownFileType = sourcecode.swift; path = WelcomeView.swift; sourceTree = "<group>"; };
		AD1F2DBEEB04472A9948452E /* PayCycleDetailsView.swift */ = {isa = PBXFileReference; lastKnownFileType = sourcecode.swift; path = PayCycleDetailsView.swift; sourceTree = "<group>"; };
		52AE8F7FEBF646D89AB49D3F /* SettingsView.swift */ = {isa = PBXFileReference; lastKnownFileType = sourcecode.swift; path = SettingsView.swift; sourceTree = "<group>"; };
		363BCC75F5BF4EB4AC420477 /* Assets.xcassets */ = {isa = PBXFileReference; lastKnownFileType = folder.assetcatalog; path = Assets.xcassets; sourceTree = "<group>"; };
		91CB24ECC6F2477791738136 /* SafeSpendCalculatorTests.swift */ = {isa = PBXFileReference; lastKnownFileType = sourcecode.swift; path = SafeSpendCalculatorTests.swift; sourceTree = "<group>"; };
/* End PBXFileReference section */

/* Begin PBXFrameworksBuildPhase section */
		E24A64F800A049B79C925876 /* Frameworks */ = {
			isa = PBXFrameworksBuildPhase;
			buildActionMask = 2147483647;
			files = (
			);
			runOnlyForDeploymentPostprocessing = 0;
		};
		09DA06A0BFE94A94AD207168 /* Frameworks */ = {
			isa = PBXFrameworksBuildPhase;
			buildActionMask = 2147483647;
			files = (
			);
			runOnlyForDeploymentPostprocessing = 0;
		};
/* End PBXFrameworksBuildPhase section */

/* Begin PBXGroup section */
		79FCBD0538E34F91A310A4CD = {
			isa = PBXGroup;
			children = (
				C1A52079054F45EDAD0DB502 /* PayPace */,
				4BA0E5A7C1D048CBA58071C4 /* PayPaceTests */,
				9F298EDD5C9C47D4A074F34C /* Products */,
			);
			sourceTree = "<group>";
		};
		9F298EDD5C9C47D4A074F34C /* Products */ = {
			isa = PBXGroup;
			children = (
				51F4A0BD69D44BBBB2ED8B26 /* PayPace.app */,
				32C53DFF3AF74F88BA558503 /* PayPaceTests.xctest */,
			);
			name = Products;
			sourceTree = "<group>";
		};
		C1A52079054F45EDAD0DB502 /* PayPace */ = {
			isa = PBXGroup;
			children = (
				44AA62EA36864844A9DFD0F5 /* PayPaceApp.swift */,
				B9CCDA757BA843B191368EA2 /* Models */,
				3C99C70BC0FB4D4AB7E7AAA0 /* Services */,
				9BB8A9904C31490F89CE76DF /* Theme */,
				5EDBFD386F2B4145A56C837E /* Views */,
				363BCC75F5BF4EB4AC420477 /* Assets.xcassets */,
			);
			path = PayPace;
			sourceTree = "<group>";
		};
		B9CCDA757BA843B191368EA2 /* Models */ = {
			isa = PBXGroup;
			children = (
				1F13879E38B94304BF435D7C /* AppStore.swift */,
				36C07A04FFB44F48B4421BC6 /* Bill.swift */,
				E2A8927477DB4E11B3FC40F8 /* DailyExpense.swift */,
				506636DF12AE4C25A6D41772 /* ExpenseCategory.swift */,
				D83E286C12CE465CBAFA7F67 /* PayCycle.swift */,
				A0FAECE41DE4469CADCB5765 /* PaySchedule.swift */,
				3A97C8716C21452AABD71623 /* SafeSpendSnapshot.swift */,
			);
			path = Models;
			sourceTree = "<group>";
		};
		3C99C70BC0FB4D4AB7E7AAA0 /* Services */ = {
			isa = PBXGroup;
			children = (
				194A91EAB0CC484A9CED5281 /* BudgetStore.swift */,
				E4C79B6859484BEA88DF8B8E /* DecimalParsing.swift */,
				CD35DA2274D84E4990841DC2 /* Formatting.swift */,
				7C9E7CC525DB4D2B8EFDC2F0 /* NotificationService.swift */,
				FE88DA72941D4B6196C332A0 /* PersistenceService.swift */,
				CC889CDC247C4293B588DFEC /* SafeSpendCalculator+Smoke.swift */,
				254AEDEF6D704441A888B179 /* SafeSpendCalculator.swift */,
			);
			path = Services;
			sourceTree = "<group>";
		};
		9BB8A9904C31490F89CE76DF /* Theme */ = {
			isa = PBXGroup;
			children = (
				F704A985237843908725A5AC /* PayPaceTheme.swift */,
			);
			path = Theme;
			sourceTree = "<group>";
		};
		5EDBFD386F2B4145A56C837E /* Views */ = {
			isa = PBXGroup;
			children = (
				303B516C7EBB452D89E4BC3B /* Bills */,
				A61BA3E3C6494DB8ADE9EE87 /* Components */,
				DE2C0BDAC27C4DBF8A2EFE53 /* Expenses */,
				66094B1A632242649113C423 /* History */,
				19B7642E68294F5286BDE383 /* Home */,
				C4832DA18E7D4E6CA99005BE /* Onboarding */,
				9DD950A0310C4634A137ADA2 /* PayCycle */,
				318F0DD9F4254331A8BFBA32 /* Settings */,
			);
			path = Views;
			sourceTree = "<group>";
		};
		303B516C7EBB452D89E4BC3B /* Bills */ = {
			isa = PBXGroup;
			children = (
				47CFF9E4C67A473D9BA4D7B5 /* UpcomingBillsView.swift */,
			);
			path = Bills;
			sourceTree = "<group>";
		};
		A61BA3E3C6494DB8ADE9EE87 /* Components */ = {
			isa = PBXGroup;
			children = (
				035E36A0EEBE436FB72FB75B /* AddBillSheet.swift */,
				259800B7E3384C8CB4847990 /* SharedComponents.swift */,
			);
			path = Components;
			sourceTree = "<group>";
		};
		DE2C0BDAC27C4DBF8A2EFE53 /* Expenses */ = {
			isa = PBXGroup;
			children = (
				D4B959F207724E3C99CD6288 /* AddExpenseView.swift */,
			);
			path = Expenses;
			sourceTree = "<group>";
		};
		66094B1A632242649113C423 /* History */ = {
			isa = PBXGroup;
			children = (
				5E5697277B6E42E0B6DD57BF /* HistoryView.swift */,
			);
			path = History;
			sourceTree = "<group>";
		};
		19B7642E68294F5286BDE383 /* Home */ = {
			isa = PBXGroup;
			children = (
				4F0E5EBAC47940DB91F1A3DD /* HomeView.swift */,
			);
			path = Home;
			sourceTree = "<group>";
		};
		C4832DA18E7D4E6CA99005BE /* Onboarding */ = {
			isa = PBXGroup;
			children = (
				B5F78DAF5EB74FB680CA8963 /* OnboardingFlowView.swift */,
				6E61A4CB66F342B193091FFA /* WelcomeView.swift */,
			);
			path = Onboarding;
			sourceTree = "<group>";
		};
		9DD950A0310C4634A137ADA2 /* PayCycle */ = {
			isa = PBXGroup;
			children = (
				AD1F2DBEEB04472A9948452E /* PayCycleDetailsView.swift */,
			);
			path = PayCycle;
			sourceTree = "<group>";
		};
		318F0DD9F4254331A8BFBA32 /* Settings */ = {
			isa = PBXGroup;
			children = (
				52AE8F7FEBF646D89AB49D3F /* SettingsView.swift */,
			);
			path = Settings;
			sourceTree = "<group>";
		};
		4BA0E5A7C1D048CBA58071C4 /* PayPaceTests */ = {
			isa = PBXGroup;
			children = (
				91CB24ECC6F2477791738136 /* SafeSpendCalculatorTests.swift */,
			);
			path = PayPaceTests;
			sourceTree = "<group>";
		};
/* End PBXGroup section */

/* Begin PBXNativeTarget section */
		086E601B0B0B4A31AAA5E88F /* PayPace */ = {
			isa = PBXNativeTarget;
			buildConfigurationList = 0E9F6AAEB28E422DA5A94DE4 /* Build configuration list for PBXNativeTarget "PayPace" */;
			buildPhases = (
				17A98B3EC17F4E04B4FDF9BC /* Sources */,
				E24A64F800A049B79C925876 /* Frameworks */,
				195DA1EF7FF8468FB181603F /* Resources */,
			);
			buildRules = (
			);
			dependencies = (
			);
			name = PayPace;
			productName = PayPace;
			productReference = 51F4A0BD69D44BBBB2ED8B26 /* PayPace.app */;
			productType = "com.apple.product-type.application";
		};
		962EAD9A42D040D5A9B19A72 /* PayPaceTests */ = {
			isa = PBXNativeTarget;
			buildConfigurationList = 6CEEB097A5D14258A6043422 /* Build configuration list for PBXNativeTarget "PayPaceTests" */;
			buildPhases = (
				70EC55AF00B74F55AF3E310E /* Sources */,
				09DA06A0BFE94A94AD207168 /* Frameworks */,
			);
			buildRules = (
			);
			dependencies = (
			);
			name = PayPaceTests;
			productName = PayPaceTests;
			productReference = 32C53DFF3AF74F88BA558503 /* PayPaceTests.xctest */;
			productType = "com.apple.product-type.bundle.unit-test";
		};
/* End PBXNativeTarget section */

/* Begin PBXProject section */
		6A394E652EB742CABA37004C /* Project object */ = {
			isa = PBXProject;
			attributes = {
				BuildIndependentTargetsInParallel = 1;
				LastSwiftUpdateCheck = 1540;
				LastUpgradeCheck = 1540;
				TargetAttributes = {
					086E601B0B0B4A31AAA5E88F = {
						CreatedOnToolsVersion = 15.4;
					};
					962EAD9A42D040D5A9B19A72 = {
						CreatedOnToolsVersion = 15.4;
						TestTargetID = 086E601B0B0B4A31AAA5E88F;
					};
				};
			};
			buildConfigurationList = 9EC3493BA4564AB9B415E824 /* Build configuration list for PBXProject "PayPace" */;
			compatibilityVersion = "Xcode 14.0";
			developmentRegion = en;
			hasScannedForEncodings = 0;
			knownRegions = (
				en,
				Base,
			);
			mainGroup = 79FCBD0538E34F91A310A4CD;
			productRefGroup = 9F298EDD5C9C47D4A074F34C /* Products */;
			projectDirPath = "";
			projectRoot = "";
			targets = (
				086E601B0B0B4A31AAA5E88F /* PayPace */,
				962EAD9A42D040D5A9B19A72 /* PayPaceTests */,
			);
		};
/* End PBXProject section */

/* Begin PBXResourcesBuildPhase section */
		195DA1EF7FF8468FB181603F /* Resources */ = {
			isa = PBXResourcesBuildPhase;
			buildActionMask = 2147483647;
			files = (
				618B63C227BB42E6A6F71300 /* Assets.xcassets in Resources */,
			);
			runOnlyForDeploymentPostprocessing = 0;
		};
/* End PBXResourcesBuildPhase section */

/* Begin PBXSourcesBuildPhase section */
		17A98B3EC17F4E04B4FDF9BC /* Sources */ = {
			isa = PBXSourcesBuildPhase;
			buildActionMask = 2147483647;
			files = (
				1FF5271EC9364029A1A22029 /* AppStore.swift in Sources */,
				2463F60FB3224511935C4584 /* Bill.swift in Sources */,
				1828FA82126940B28B43066B /* DailyExpense.swift in Sources */,
				EB0497DCE70E4CC180887EBD /* ExpenseCategory.swift in Sources */,
				EBB4C937E3DE47599F0A7740 /* PayCycle.swift in Sources */,
				09EDB9808B17401F8B5A041F /* PaySchedule.swift in Sources */,
				D835808761674274A02EB6FD /* SafeSpendSnapshot.swift in Sources */,
				F2DB3BCA117A4F079A258E5B /* PayPaceApp.swift in Sources */,
				AABE0279A52A4437BDFE0D81 /* BudgetStore.swift in Sources */,
				B9A8EA3C6CB94379AB78E717 /* DecimalParsing.swift in Sources */,
				94F9C5953E534AA9BD0B3DAC /* Formatting.swift in Sources */,
				B3E0327129C241128A02571D /* NotificationService.swift in Sources */,
				A49B5876FAC84090874665B9 /* PersistenceService.swift in Sources */,
				EDD094A9EE9A4CCF871560B3 /* SafeSpendCalculator+Smoke.swift in Sources */,
				FCD3A1978AAF48939EEC0023 /* SafeSpendCalculator.swift in Sources */,
				7D6742949FFE4D618A91910F /* PayPaceTheme.swift in Sources */,
				0E939F25EDC3491994B9B5FC /* UpcomingBillsView.swift in Sources */,
				D5880636503C4BEA91485B6B /* AddBillSheet.swift in Sources */,
				06F29322A062470BADA3E2EE /* SharedComponents.swift in Sources */,
				6B14928ED0DD4760910DEB48 /* AddExpenseView.swift in Sources */,
				A4816C3DD8CC4FF497C06361 /* HistoryView.swift in Sources */,
				425325B7D60F4303A593BC0C /* HomeView.swift in Sources */,
				65E861DF2B8C4360A6BE5F5B /* OnboardingFlowView.swift in Sources */,
				8A66FC6A2708455CAD4FBECD /* WelcomeView.swift in Sources */,
				2C27B02FA444408BB0A63218 /* PayCycleDetailsView.swift in Sources */,
				F275824BF8C741768FF78FCA /* SettingsView.swift in Sources */,
			);
			runOnlyForDeploymentPostprocessing = 0;
		};
		70EC55AF00B74F55AF3E310E /* Sources */ = {
			isa = PBXSourcesBuildPhase;
			buildActionMask = 2147483647;
			files = (
				D152CD2B365A42CB9649F7DA /* SafeSpendCalculatorTests.swift in Sources */,
			);
			runOnlyForDeploymentPostprocessing = 0;
		};
/* End PBXSourcesBuildPhase section */

/* Begin XCBuildConfiguration section */
		FCA322FC722D458CA0E39304 /* Debug */ = {
			isa = XCBuildConfiguration;
			buildSettings = {
				ALWAYS_SEARCH_USER_PATHS = NO;
				CLANG_ENABLE_MODULES = YES;
				CLANG_ENABLE_OBJC_ARC = YES;
				COPY_PHASE_STRIP = NO;
				DEBUG_INFORMATION_FORMAT = dwarf;
				GCC_DYNAMIC_NO_PIC = NO;
				IPHONEOS_DEPLOYMENT_TARGET = 17.0;
				ONLY_ACTIVE_ARCH = YES;
				SDKROOT = iphoneos;
				SWIFT_VERSION = 5.0;
				SWIFT_ACTIVE_COMPILATION_CONDITIONS = DEBUG;
				SWIFT_OPTIMIZATION_LEVEL = "-Onone";
			};
			name = Debug;
		};
		9F6471289C6B4E5BA573C344 /* Release */ = {
			isa = XCBuildConfiguration;
			buildSettings = {
				ALWAYS_SEARCH_USER_PATHS = NO;
				CLANG_ENABLE_MODULES = YES;
				CLANG_ENABLE_OBJC_ARC = YES;
				COPY_PHASE_STRIP = NO;
				DEBUG_INFORMATION_FORMAT = dwarf;
				GCC_DYNAMIC_NO_PIC = NO;
				IPHONEOS_DEPLOYMENT_TARGET = 17.0;
				ONLY_ACTIVE_ARCH = YES;
				SDKROOT = iphoneos;
				SWIFT_VERSION = 5.0;
				SWIFT_COMPILATION_MODE = wholemodule;
			};
			name = Release;
		};
		1530DDEECA10474C932A4B7A /* Debug */ = {
			isa = XCBuildConfiguration;
			buildSettings = {
				ASSETCATALOG_COMPILER_APPICON_NAME = AppIcon;
				ASSETCATALOG_COMPILER_GLOBAL_ACCENT_COLOR_NAME = AccentColor;
				CODE_SIGN_STYLE = Automatic;
				CURRENT_PROJECT_VERSION = 1;
				DEVELOPMENT_TEAM = "";
				ENABLE_PREVIEWS = YES;
				GENERATE_INFOPLIST_FILE = YES;
				INFOPLIST_KEY_CFBundleDisplayName = PayPace;
				INFOPLIST_KEY_LSApplicationCategoryType = "public.app-category.finance";
				INFOPLIST_KEY_NSUserNotificationsUsageDescription = "PayPace sends optional reminders about your safe-to-spend amount and upcoming bills.";
				INFOPLIST_KEY_UIApplicationSceneManifest_Generation = YES;
				INFOPLIST_KEY_UILaunchScreen_Generation = YES;
				INFOPLIST_KEY_UISupportedInterfaceOrientations = UIInterfaceOrientationPortrait;
				LD_RUNPATH_SEARCH_PATHS = (
					"$(inherited)",
					"@executable_path/Frameworks",
				);
				MARKETING_VERSION = 1.0;
				PRODUCT_BUNDLE_IDENTIFIER = app.paypace.PayPace;
				PRODUCT_NAME = "$(TARGET_NAME)";
				SUPPORTED_PLATFORMS = "iphoneos iphonesimulator";
				SUPPORTS_MACCATALYST = NO;
				SWIFT_EMIT_LOC_STRINGS = YES;
				SWIFT_VERSION = 5.0;
				TARGETED_DEVICE_FAMILY = 1;
				ENABLE_TESTABILITY = YES;
			};
			name = Debug;
		};
		F120E007AEF74C50B38C58AA /* Release */ = {
			isa = XCBuildConfiguration;
			buildSettings = {
				ASSETCATALOG_COMPILER_APPICON_NAME = AppIcon;
				ASSETCATALOG_COMPILER_GLOBAL_ACCENT_COLOR_NAME = AccentColor;
				CODE_SIGN_STYLE = Automatic;
				CURRENT_PROJECT_VERSION = 1;
				DEVELOPMENT_TEAM = "";
				ENABLE_PREVIEWS = YES;
				GENERATE_INFOPLIST_FILE = YES;
				INFOPLIST_KEY_CFBundleDisplayName = PayPace;
				INFOPLIST_KEY_LSApplicationCategoryType = "public.app-category.finance";
				INFOPLIST_KEY_NSUserNotificationsUsageDescription = "PayPace sends optional reminders about your safe-to-spend amount and upcoming bills.";
				INFOPLIST_KEY_UIApplicationSceneManifest_Generation = YES;
				INFOPLIST_KEY_UILaunchScreen_Generation = YES;
				INFOPLIST_KEY_UISupportedInterfaceOrientations = UIInterfaceOrientationPortrait;
				LD_RUNPATH_SEARCH_PATHS = (
					"$(inherited)",
					"@executable_path/Frameworks",
				);
				MARKETING_VERSION = 1.0;
				PRODUCT_BUNDLE_IDENTIFIER = app.paypace.PayPace;
				PRODUCT_NAME = "$(TARGET_NAME)";
				SUPPORTED_PLATFORMS = "iphoneos iphonesimulator";
				SUPPORTS_MACCATALYST = NO;
				SWIFT_EMIT_LOC_STRINGS = YES;
				SWIFT_VERSION = 5.0;
				TARGETED_DEVICE_FAMILY = 1;
				ENABLE_TESTABILITY = YES;
			};
			name = Release;
		};
		650B10D284E1434CB4D729A2 /* Debug */ = {
			isa = XCBuildConfiguration;
			buildSettings = {
				BUNDLE_LOADER = "$(TEST_HOST)";
				CODE_SIGN_STYLE = Automatic;
				CURRENT_PROJECT_VERSION = 1;
				GENERATE_INFOPLIST_FILE = YES;
				IPHONEOS_DEPLOYMENT_TARGET = 17.0;
				MARKETING_VERSION = 1.0;
				PRODUCT_BUNDLE_IDENTIFIER = app.paypace.PayPaceTests;
				PRODUCT_NAME = "$(TARGET_NAME)";
				SWIFT_VERSION = 5.0;
				TARGETED_DEVICE_FAMILY = 1;
				TEST_HOST = "$(BUILT_PRODUCTS_DIR)/PayPace.app/$(BUNDLE_EXECUTABLE_FOLDER_PATH)/PayPace";
			};
			name = Debug;
		};
		B16A80D880B1425480B5BFC5 /* Release */ = {
			isa = XCBuildConfiguration;
			buildSettings = {
				BUNDLE_LOADER = "$(TEST_HOST)";
				CODE_SIGN_STYLE = Automatic;
				CURRENT_PROJECT_VERSION = 1;
				GENERATE_INFOPLIST_FILE = YES;
				IPHONEOS_DEPLOYMENT_TARGET = 17.0;
				MARKETING_VERSION = 1.0;
				PRODUCT_BUNDLE_IDENTIFIER = app.paypace.PayPaceTests;
				PRODUCT_NAME = "$(TARGET_NAME)";
				SWIFT_VERSION = 5.0;
				TARGETED_DEVICE_FAMILY = 1;
				TEST_HOST = "$(BUILT_PRODUCTS_DIR)/PayPace.app/$(BUNDLE_EXECUTABLE_FOLDER_PATH)/PayPace";
			};
			name = Release;
		};
/* End XCBuildConfiguration section */

/* Begin XCConfigurationList section */
		9EC3493BA4564AB9B415E824 /* Build configuration list for PBXProject "PayPace" */ = {
			isa = XCConfigurationList;
			buildConfigurations = (
				FCA322FC722D458CA0E39304 /* Debug */,
				9F6471289C6B4E5BA573C344 /* Release */,
			);
			defaultConfigurationIsVisible = 0;
			defaultConfigurationName = Release;
		};
		0E9F6AAEB28E422DA5A94DE4 /* Build configuration list for PBXNativeTarget "PayPace" */ = {
			isa = XCConfigurationList;
			buildConfigurations = (
				1530DDEECA10474C932A4B7A /* Debug */,
				F120E007AEF74C50B38C58AA /* Release */,
			);
			defaultConfigurationIsVisible = 0;
			defaultConfigurationName = Release;
		};
		6CEEB097A5D14258A6043422 /* Build configuration list for PBXNativeTarget "PayPaceTests" */ = {
			isa = XCConfigurationList;
			buildConfigurations = (
				650B10D284E1434CB4D729A2 /* Debug */,
				B16A80D880B1425480B5BFC5 /* Release */,
			);
			defaultConfigurationIsVisible = 0;
			defaultConfigurationName = Release;
		};
/* End XCConfigurationList section */
	};
	rootObject = 6A394E652EB742CABA37004C /* Project object */;
}
